
Microsoft Visual Studio Solution File, Format Version 12.00
# Visual Studio Version 17
VisualStudioVersion = 17.14.36121.58 d17.14
MinimumVisualStudioVersion = 10.0.40219.1
Project("{FAE04EC0-301F-11D3-BF4B-00C04F79EFBC}") = "ManageBooking", "ManageBooking\ManageBooking.csproj", "{23FB6C87-D25C-456D-8212-5EA03901EE71}"
EndProject
Global
	GlobalSection(SolutionConfigurationPlatforms) = preSolution
		Debug|Any CPU = Debug|Any CPU
		Release|Any CPU = Release|Any CPU
	EndGlobalSection
	GlobalSection(ProjectConfigurationPlatforms) = postSolution
		{23FB6C87-D25C-456D-8212-5EA03901EE71}.Debug|Any CPU.ActiveCfg = Debug|Any CPU
		{23FB6C87-D25C-456D-8212-5EA03901EE71}.Debug|Any CPU.Build.0 = Debug|Any CPU
		{23FB6C87-D25C-456D-8212-5EA03901EE71}.Release|Any CPU.ActiveCfg = Release|Any CPU
		{23FB6C87-D25C-456D-8212-5EA03901EE71}.Release|Any CPU.Build.0 = Release|Any CPU
	EndGlobalSection
	GlobalSection(SolutionProperties) = preSolution
		HideSolutionNode = FALSE
	EndGlobalSection
	GlobalSection(ExtensibilityGlobals) = postSolution
		SolutionGuid = {FD595BDA-34F9-40D7-AA4F-C693645C5690}
	EndGlobalSection
EndGlobal
